
Microsoft Visual Studio Solution File, Format Version 12.00
# Visual Studio Version 17
VisualStudioVersion = 17.7.34221.43
MinimumVisualStudioVersion = 10.0.40219.1
Project("{FAE04EC0-301F-11D3-BF4B-00C04F79EFBC}") = "EF1", "EF1\EF1.csproj", "{74881757-795A-4EFA-A5D2-7E4491779E14}"
EndProject
Global
	GlobalSection(SolutionConfigurationPlatforms) = preSolution
		Debug|Any CPU = Debug|Any CPU
		Release|Any CPU = Release|Any CPU
	EndGlobalSection
	GlobalSection(ProjectConfigurationPlatforms) = postSolution
		{74881757-795A-4EFA-A5D2-7E4491779E14}.Debug|Any CPU.ActiveCfg = Debug|Any CPU
		{74881757-795A-4EFA-A5D2-7E4491779E14}.Debug|Any CPU.Build.0 = Debug|Any CPU
		{74881757-795A-4EFA-A5D2-7E4491779E14}.Release|Any CPU.ActiveCfg = Release|Any CPU
		{74881757-795A-4EFA-A5D2-7E4491779E14}.Release|Any CPU.Build.0 = Release|Any CPU
	EndGlobalSection
	GlobalSection(SolutionProperties) = preSolution
		HideSolutionNode = FALSE
	EndGlobalSection
	GlobalSection(ExtensibilityGlobals) = postSolution
		SolutionGuid = {799555A9-3E16-4961-8DF8-B4BB95840961}
	EndGlobalSection
EndGlobal
